
Microsoft Visual Studio Solution File, Format Version 12.00
# Visual Studio Version 16
VisualStudioVersion = 16.0.30028.174
MinimumVisualStudioVersion = 15.0.26124.0
Project("{9A19103F-16F7-4668-BE54-9A1E7A4F7556}") = "CatalogApi", "src\Catalog\CatalogApi\CatalogApi.csproj", "{6F8E2E7A-B773-432C-8CD4-BA9E6A8D9B80}"
EndProject
Project("{2150E333-8FDC-42A3-9474-1A3956D46DE8}") = "Catalog", "Catalog", "{4A8F9F35-98B4-4B24-AC99-18AB28E98BD9}"
EndProject
Project("{9A19103F-16F7-4668-BE54-9A1E7A4F7556}") = "CatalogApiReading", "src\Catalog\CatalogApiReading\CatalogApiReading\CatalogApiReading.csproj", "{BEDFE9CE-D1B7-4F0F-AD14-B6D11B9F800F}"
EndProject
Project("{2150E333-8FDC-42A3-9474-1A3956D46DE8}") = "Broker", "Broker", "{81D7700A-EC71-438D-BD84-3DC9E89A47CF}"
EndProject
Project("{FAE04EC0-301F-11D3-BF4B-00C04F79EFBC}") = "EventBus", "src\Broker\EventBus\EventBus\EventBus.csproj", "{B75FDC62-DD41-4C2F-93FA-B5AC1EDB3AB2}"
EndProject
Project("{FAE04EC0-301F-11D3-BF4B-00C04F79EFBC}") = "EventBusRabbitMQ", "src\Broker\EventBusRabbitMQ\EventBusRabbitMQ\EventBusRabbitMQ.csproj", "{0C70B0BB-4449-4566-8AFD-22610E7FC616}"
EndProject
Global
	GlobalSection(SolutionConfigurationPlatforms) = preSolution
		Debug|Any CPU = Debug|Any CPU
		Debug|x64 = Debug|x64
		Debug|x86 = Debug|x86
		Release|Any CPU = Release|Any CPU
		Release|x64 = Release|x64
		Release|x86 = Release|x86
	EndGlobalSection
	GlobalSection(ProjectConfigurationPlatforms) = postSolution
		{6F8E2E7A-B773-432C-8CD4-BA9E6A8D9B80}.Debug|Any CPU.ActiveCfg = Debug|Any CPU
		{6F8E2E7A-B773-432C-8CD4-BA9E6A8D9B80}.Debug|Any CPU.Build.0 = Debug|Any CPU
		{6F8E2E7A-B773-432C-8CD4-BA9E6A8D9B80}.Debug|x64.ActiveCfg = Debug|Any CPU
		{6F8E2E7A-B773-432C-8CD4-BA9E6A8D9B80}.Debug|x64.Build.0 = Debug|Any CPU
		{6F8E2E7A-B773-432C-8CD4-BA9E6A8D9B80}.Debug|x86.ActiveCfg = Debug|Any CPU
		{6F8E2E7A-B773-432C-8CD4-BA9E6A8D9B80}.Debug|x86.Build.0 = Debug|Any CPU
		{6F8E2E7A-B773-432C-8CD4-BA9E6A8D9B80}.Release|Any CPU.ActiveCfg = Release|Any CPU
		{6F8E2E7A-B773-432C-8CD4-BA9E6A8D9B80}.Release|Any CPU.Build.0 = Release|Any CPU
		{6F8E2E7A-B773-432C-8CD4-BA9E6A8D9B80}.Release|x64.ActiveCfg = Release|Any CPU
		{6F8E2E7A-B773-432C-8CD4-BA9E6A8D9B80}.Release|x64.Build.0 = Release|Any CPU
		{6F8E2E7A-B773-432C-8CD4-BA9E6A8D9B80}.Release|x86.ActiveCfg = Release|Any CPU
		{6F8E2E7A-B773-432C-8CD4-BA9E6A8D9B80}.Release|x86.Build.0 = Release|Any CPU
		{BEDFE9CE-D1B7-4F0F-AD14-B6D11B9F800F}.Debug|Any CPU.ActiveCfg = Debug|Any CPU
		{BEDFE9CE-D1B7-4F0F-AD14-B6D11B9F800F}.Debug|Any CPU.Build.0 = Debug|Any CPU
		{BEDFE9CE-D1B7-4F0F-AD14-B6D11B9F800F}.Debug|x64.ActiveCfg = Debug|Any CPU
		{BEDFE9CE-D1B7-4F0F-AD14-B6D11B9F800F}.Debug|x64.Build.0 = Debug|Any CPU
		{BEDFE9CE-D1B7-4F0F-AD14-B6D11B9F800F}.Debug|x86.ActiveCfg = Debug|Any CPU
		{BEDFE9CE-D1B7-4F0F-AD14-B6D11B9F800F}.Debug|x86.Build.0 = Debug|Any CPU
		{BEDFE9CE-D1B7-4F0F-AD14-B6D11B9F800F}.Release|Any CPU.ActiveCfg = Release|Any CPU
		{BEDFE9CE-D1B7-4F0F-AD14-B6D11B9F800F}.Release|Any CPU.Build.0 = Release|Any CPU
		{BEDFE9CE-D1B7-4F0F-AD14-B6D11B9F800F}.Release|x64.ActiveCfg = Release|Any CPU
		{BEDFE9CE-D1B7-4F0F-AD14-B6D11B9F800F}.Release|x64.Build.0 = Release|Any CPU
		{BEDFE9CE-D1B7-4F0F-AD14-B6D11B9F800F}.Release|x86.ActiveCfg = Release|Any CPU
		{BEDFE9CE-D1B7-4F0F-AD14-B6D11B9F800F}.Release|x86.Build.0 = Release|Any CPU
		{B75FDC62-DD41-4C2F-93FA-B5AC1EDB3AB2}.Debug|Any CPU.ActiveCfg = Debug|Any CPU
		{B75FDC62-DD41-4C2F-93FA-B5AC1EDB3AB2}.Debug|Any CPU.Build.0 = Debug|Any CPU
		{B75FDC62-DD41-4C2F-93FA-B5AC1EDB3AB2}.Debug|x64.ActiveCfg = Debug|Any CPU
		{B75FDC62-DD41-4C2F-93FA-B5AC1EDB3AB2}.Debug|x64.Build.0 = Debug|Any CPU
		{B75FDC62-DD41-4C2F-93FA-B5AC1EDB3AB2}.Debug|x86.ActiveCfg = Debug|Any CPU
		{B75FDC62-DD41-4C2F-93FA-B5AC1EDB3AB2}.Debug|x86.Build.0 = Debug|Any CPU
		{B75FDC62-DD41-4C2F-93FA-B5AC1EDB3AB2}.Release|Any CPU.ActiveCfg = Release|Any CPU
		{B75FDC62-DD41-4C2F-93FA-B5AC1EDB3AB2}.Release|Any CPU.Build.0 = Release|Any CPU
		{B75FDC62-DD41-4C2F-93FA-B5AC1EDB3AB2}.Release|x64.ActiveCfg = Release|Any CPU
		{B75FDC62-DD41-4C2F-93FA-B5AC1EDB3AB2}.Release|x64.Build.0 = Release|Any CPU
		{B75FDC62-DD41-4C2F-93FA-B5AC1EDB3AB2}.Release|x86.ActiveCfg = Release|Any CPU
		{B75FDC62-DD41-4C2F-93FA-B5AC1EDB3AB2}.Release|x86.Build.0 = Release|Any CPU
		{0C70B0BB-4449-4566-8AFD-22610E7FC616}.Debug|Any CPU.ActiveCfg = Debug|Any CPU
		{0C70B0BB-4449-4566-8AFD-22610E7FC616}.Debug|Any CPU.Build.0 = Debug|Any CPU
		{0C70B0BB-4449-4566-8AFD-22610E7FC616}.Debug|x64.ActiveCfg = Debug|Any CPU
		{0C70B0BB-4449-4566-8AFD-22610E7FC616}.Debug|x64.Build.0 = Debug|Any CPU
		{0C70B0BB-4449-4566-8AFD-22610E7FC616}.Debug|x86.ActiveCfg = Debug|Any CPU
		{0C70B0BB-4449-4566-8AFD-22610E7FC616}.Debug|x86.Build.0 = Debug|Any CPU
		{0C70B0BB-4449-4566-8AFD-22610E7FC616}.Release|Any CPU.ActiveCfg = Release|Any CPU
		{0C70B0BB-4449-4566-8AFD-22610E7FC616}.Release|Any CPU.Build.0 = Release|Any CPU
		{0C70B0BB-4449-4566-8AFD-22610E7FC616}.Release|x64.ActiveCfg = Release|Any CPU
		{0C70B0BB-4449-4566-8AFD-22610E7FC616}.Release|x64.Build.0 = Release|Any CPU
		{0C70B0BB-4449-4566-8AFD-22610E7FC616}.Release|x86.ActiveCfg = Release|Any CPU
		{0C70B0BB-4449-4566-8AFD-22610E7FC616}.Release|x86.Build.0 = Release|Any CPU
	EndGlobalSection
	GlobalSection(SolutionProperties) = preSolution
		HideSolutionNode = FALSE
	EndGlobalSection
	GlobalSection(NestedProjects) = preSolution
		{6F8E2E7A-B773-432C-8CD4-BA9E6A8D9B80} = {4A8F9F35-98B4-4B24-AC99-18AB28E98BD9}
		{BEDFE9CE-D1B7-4F0F-AD14-B6D11B9F800F} = {4A8F9F35-98B4-4B24-AC99-18AB28E98BD9}
		{B75FDC62-DD41-4C2F-93FA-B5AC1EDB3AB2} = {81D7700A-EC71-438D-BD84-3DC9E89A47CF}
		{0C70B0BB-4449-4566-8AFD-22610E7FC616} = {81D7700A-EC71-438D-BD84-3DC9E89A47CF}
	EndGlobalSection
	GlobalSection(ExtensibilityGlobals) = postSolution
		SolutionGuid = {439B050A-F9FF-4C19-8E70-D7924877BC2C}
	EndGlobalSection
EndGlobal
